<?xml version="1.0" encoding="utf-8"?>
<Project ToolsVersion="4.0" xmlns="http://schemas.microsoft.com/developer/msbuild/2003">
  <ItemGroup>
    <ClCompile Include="ConsoleLogger.cpp" />
    <ClCompile Include="GTAPlayer.cpp" />
    <ClCompile Include="FeelRecoil.cpp" />
    <ClCompile Include="keyboard.cpp" />
    <ClCompile Include="main.cpp" />
    <ClCompile Include="script.cpp" />
    <ClCompile Include="FeelDamage.cpp" />
    <ClCompile Include="SensationOfWeapons.cpp" />
    <ClCompile Include="Debug.cpp" />
    <ClCompile Include="GTAInventory.cpp" />
    <ClCompile Include="FeelDriving.cpp" />
  </ItemGroup>
  <ItemGroup>
    <ClInclude Include="ConsoleLogger.h" />
    <ClInclude Include="GTAPlayer.h" />
    <ClInclude Include="keyboard.h" />
    <ClInclude Include="SensationOfWeapons.h" />
    <ClInclude Include="PlayerBody.h" />
    <ClInclude Include="PlayerInventory.h" />
    <ClInclude Include="script.h" />
    <ClInclude Include="FeelDamage.h" />
    <ClInclude Include="Debug.h" />
    <ClInclude Include="GTAInventory.h" />
    <ClInclude Include="FeelDriving.h" />
    <ClInclude Include="Vehicle.h" />
  </ItemGroup>
</Project>